
Microsoft Visual Studio Solution File, Format Version 12.00
# Visual Studio Version 17
VisualStudioVersion = 17.0.32112.339
MinimumVisualStudioVersion = 10.0.40219.1
Project("{FAE04EC0-301F-11D3-BF4B-00C04F79EFBC}") = "2. Basic arithmetic operators", "2. Basic arithmetic operators\2. Basic arithmetic operators.csproj", "{D9D1FCF6-8E99-4185-8636-F83EB71DB9BC}"
EndProject
Global
	GlobalSection(SolutionConfigurationPlatforms) = preSolution
		Debug|Any CPU = Debug|Any CPU
		Release|Any CPU = Release|Any CPU
	EndGlobalSection
	GlobalSection(ProjectConfigurationPlatforms) = postSolution
		{D9D1FCF6-8E99-4185-8636-F83EB71DB9BC}.Debug|Any CPU.ActiveCfg = Debug|Any CPU
		{D9D1FCF6-8E99-4185-8636-F83EB71DB9BC}.Debug|Any CPU.Build.0 = Debug|Any CPU
		{D9D1FCF6-8E99-4185-8636-F83EB71DB9BC}.Release|Any CPU.ActiveCfg = Release|Any CPU
		{D9D1FCF6-8E99-4185-8636-F83EB71DB9BC}.Release|Any CPU.Build.0 = Release|Any CPU
	EndGlobalSection
	GlobalSection(SolutionProperties) = preSolution
		HideSolutionNode = FALSE
	EndGlobalSection
	GlobalSection(ExtensibilityGlobals) = postSolution
		SolutionGuid = {FD58422A-1C7D-4E94-A830-7EE1D7C0BA33}
	EndGlobalSection
EndGlobal
